// !$*UTF8*$!
{
	archiveVersion = 1;
	classes = {
	};
	objectVersion = 46;
	objects = {

/* Begin PBXBuildFile section */
		2E0B10C11D87812C00D29EFB /* StickerPackExtension.appex in Embed App Extensions */ = {isa = PBXBuildFile; fileRef = 2E0B10C01D87812C00D29EFB /* StickerPackExtension.appex */; settings = {ATTRIBUTES = (RemoveHeadersOnCopy, ); }; };
		2E0B10C51D87812C00D29EFB /* Stickers.xcstickers in Resources */ = {isa = PBXBuildFile; fileRef = 2E0B10C41D87812C00D29EFB /* Stickers.xcstickers */; };
		2E0B10C61D87812C00D29EFB /* Stickers.xcstickers in Resources */ = {isa = PBXBuildFile; fileRef = 2E0B10C41D87812C00D29EFB /* Stickers.xcstickers */; };
/* End PBXBuildFile section */

/* Begin PBXContainerItemProxy section */
		2E0B10C21D87812C00D29EFB /* PBXContainerItemProxy */ = {
			isa = PBXContainerItemProxy;
			containerPortal = 2E0B10B61D87812C00D29EFB /* Project object */;
			proxyType = 1;
			remoteGlobalIDString = 2E0B10BF1D87812C00D29EFB;
			remoteInfo = StickerPackExtension;
		};
/* End PBXContainerItemProxy section */

/* Begin PBXCopyFilesBuildPhase section */
		2E0B10CC1D87812C00D29EFB /* Embed App Extensions */ = {
			isa = PBXCopyFilesBuildPhase;
			buildActionMask = 2147483647;
			dstPath = "";
			dstSubfolderSpec = 13;
			files = (
				2E0B10C11D87812C00D29EFB /* StickerPackExtension.appex in Embed App Extensions */,
			);
			name = "Embed App Extensions";
			runOnlyForDeploymentPostprocessing = 0;
		};
/* End PBXCopyFilesBuildPhase section */

/* Begin PBXFileReference section */
		2E0B10BC1D87812C00D29EFB /* Reactions.app */ = {isa = PBXFileReference; explicitFileType = wrapper.application; includeInIndex = 0; path = Reactions.app; sourceTree = BUILT_PRODUCTS_DIR; };
		2E0B10C01D87812C00D29EFB /* StickerPackExtension.appex */ = {isa = PBXFileReference; explicitFileType = "wrapper.app-extension"; includeInIndex = 0; path = StickerPackExtension.appex; sourceTree = BUILT_PRODUCTS_DIR; };
		2E0B10C41D87812C00D29EFB /* Stickers.xcstickers */ = {isa = PBXFileReference; lastKnownFileType = folder.stickers; name = Stickers.xcstickers; path = StickerPackExtension/Stickers.xcstickers; sourceTree = "<group>"; };
/* End PBXFileReference section */

/* Begin PBXGroup section */
		2E0B10B51D87812C00D29EFB = {
			isa = PBXGroup;
			children = (
				2E0B10C41D87812C00D29EFB /* Stickers.xcstickers */,
				2E0B10BD1D87812C00D29EFB /* Products */,
			);
			sourceTree = "<group>";
		};
		2E0B10BD1D87812C00D29EFB /* Products */ = {
			isa = PBXGroup;
			children = (
				2E0B10BC1D87812C00D29EFB /* Reactions.app */,
				2E0B10C01D87812C00D29EFB /* StickerPackExtension.appex */,
			);
			name = Products;
			sourceTree = "<group>";
		};
/* End PBXGroup section */

/* Begin PBXNativeTarget section */
		2E0B10BB1D87812C00D29EFB /* Reactions */ = {
			isa = PBXNativeTarget;
			buildConfigurationList = 2E0B10CD1D87812C00D29EFB /* Build configuration list for PBXNativeTarget "Reactions" */;
			buildPhases = (
				2E0B10BA1D87812C00D29EFB /* Resources */,
				2E0B10CC1D87812C00D29EFB /* Embed App Extensions */,
			);
			buildRules = (
			);
			dependencies = (
				2E0B10C31D87812C00D29EFB /* PBXTargetDependency */,
			);
			name = Reactions;
			productName = Reactions;
			productReference = 2E0B10BC1D87812C00D29EFB /* Reactions.app */;
			productType = "com.apple.product-type.application.messages";
		};
		2E0B10BF1D87812C00D29EFB /* StickerPackExtension */ = {
			isa = PBXNativeTarget;
			buildConfigurationList = 2E0B10C91D87812C00D29EFB /* Build configuration list for PBXNativeTarget "StickerPackExtension" */;
			buildPhases = (
				2E0B10BE1D87812C00D29EFB /* Resources */,
			);
			buildRules = (
			);
			dependencies = (
			);
			name = StickerPackExtension;
			productName = StickerPackExtension;
			productReference = 2E0B10C01D87812C00D29EFB /* StickerPackExtension.appex */;
			productType = "com.apple.product-type.app-extension.messages-sticker-pack";
		};
/* End PBXNativeTarget section */

/* Begin PBXProject section */
		2E0B10B61D87812C00D29EFB /* Project object */ = {
			isa = PBXProject;
			attributes = {
				LastUpgradeCheck = 0800;
				ORGANIZATIONNAME = "Cal Stephens";
				TargetAttributes = {
					2E0B10BB1D87812C00D29EFB = {
						CreatedOnToolsVersion = 8.0;
						DevelopmentTeam = FZ89A5SZ7C;
						ProvisioningStyle = Automatic;
					};
					2E0B10BF1D87812C00D29EFB = {
						CreatedOnToolsVersion = 8.0;
						DevelopmentTeam = FZ89A5SZ7C;
						ProvisioningStyle = Automatic;
					};
				};
			};
			buildConfigurationList = 2E0B10B91D87812C00D29EFB /* Build configuration list for PBXProject "Reactions" */;
			compatibilityVersion = "Xcode 3.2";
			developmentRegion = English;
			hasScannedForEncodings = 0;
			knownRegions = (
				en,
			);
			mainGroup = 2E0B10B51D87812C00D29EFB;
			productRefGroup = 2E0B10BD1D87812C00D29EFB /* Products */;
			projectDirPath = "";
			projectRoot = "";
			targets = (
				2E0B10BB1D87812C00D29EFB /* Reactions */,
				2E0B10BF1D87812C00D29EFB /* StickerPackExtension */,
			);
		};
/* End PBXProject section */

/* Begin PBXResourcesBuildPhase section */
		2E0B10BA1D87812C00D29EFB /* Resources */ = {
			isa = PBXResourcesBuildPhase;
			buildActionMask = 2147483647;
			files = (
				2E0B10C61D87812C00D29EFB /* Stickers.xcstickers in Resources */,
			);
			runOnlyForDeploymentPostprocessing = 0;
		};
		2E0B10BE1D87812C00D29EFB /* Resources */ = {
			isa = PBXResourcesBuildPhase;
			buildActionMask = 2147483647;
			files = (
				2E0B10C51D87812C00D29EFB /* Stickers.xcstickers in Resources */,
			);
			runOnlyForDeploymentPostprocessing = 0;
		};
/* End PBXResourcesBuildPhase section */

/* Begin PBXTargetDependency section */
		2E0B10C31D87812C00D29EFB /* PBXTargetDependency */ = {
			isa = PBXTargetDependency;
			target = 2E0B10BF1D87812C00D29EFB /* StickerPackExtension */;
			targetProxy = 2E0B10C21D87812C00D29EFB /* PBXContainerItemProxy */;
		};
/* End PBXTargetDependency section */

/* Begin XCBuildConfiguration section */
		2E0B10C71D87812C00D29EFB /* Debug */ = {
			isa = XCBuildConfiguration;
			buildSettings = {
				ALWAYS_SEARCH_USER_PATHS = NO;
				CLANG_ANALYZER_NONNULL = YES;
				CLANG_CXX_LANGUAGE_STANDARD = "gnu++0x";
				CLANG_CXX_LIBRARY = "libc++";
				CLANG_ENABLE_MODULES = YES;
				CLANG_ENABLE_OBJC_ARC = YES;
				CLANG_WARN_BOOL_CONVERSION = YES;
				CLANG_WARN_CONSTANT_CONVERSION = YES;
				CLANG_WARN_DIRECT_OBJC_ISA_USAGE = YES_ERROR;
				CLANG_WARN_DOCUMENTATION_COMMENTS = YES;
				CLANG_WARN_EMPTY_BODY = YES;
				CLANG_WARN_ENUM_CONVERSION = YES;
				CLANG_WARN_INFINITE_RECURSION = YES;
				CLANG_WARN_INT_CONVERSION = YES;
				CLANG_WARN_OBJC_ROOT_CLASS = YES_ERROR;
				CLANG_WARN_SUSPICIOUS_MOVES = YES;
				CLANG_WARN_UNREACHABLE_CODE = YES;
				CLANG_WARN__DUPLICATE_METHOD_MATCH = YES;
				"CODE_SIGN_IDENTITY[sdk=iphoneos*]" = "iPhone Developer";
				COPY_PHASE_STRIP = NO;
				DEBUG_INFORMATION_FORMAT = dwarf;
				ENABLE_STRICT_OBJC_MSGSEND = YES;
				ENABLE_TESTABILITY = YES;
				GCC_C_LANGUAGE_STANDARD = gnu99;
				GCC_DYNAMIC_NO_PIC = NO;
				GCC_NO_COMMON_BLOCKS = YES;
				GCC_OPTIMIZATION_LEVEL = 0;
				GCC_PREPROCESSOR_DEFINITIONS = (
					"DEBUG=1",
					"$(inherited)",
				);
				GCC_WARN_64_TO_32_BIT_CONVERSION = YES;
				GCC_WARN_ABOUT_RETURN_TYPE = YES_ERROR;
				GCC_WARN_UNDECLARED_SELECTOR = YES;
				GCC_WARN_UNINITIALIZED_AUTOS = YES_AGGRESSIVE;
				GCC_WARN_UNUSED_FUNCTION = YES;
				GCC_WARN_UNUSED_VARIABLE = YES;
				IPHONEOS_DEPLOYMENT_TARGET = 10.0;
				MTL_ENABLE_DEBUG_INFO = YES;
				ONLY_ACTIVE_ARCH = YES;
				SDKROOT = iphoneos;
			};
			name = Debug;
		};
		2E0B10C81D87812C00D29EFB /* Release */ = {
			isa = XCBuildConfiguration;
			buildSettings = {
				ALWAYS_SEARCH_USER_PATHS = NO;
				CLANG_ANALYZER_NONNULL = YES;
				CLANG_CXX_LANGUAGE_STANDARD = "gnu++0x";
				CLANG_CXX_LIBRARY = "libc++";
				CLANG_ENABLE_MODULES = YES;
				CLANG_ENABLE_OBJC_ARC = YES;
				CLANG_WARN_BOOL_CONVERSION = YES;
				CLANG_WARN_CONSTANT_CONVERSION = YES;
				CLANG_WARN_DIRECT_OBJC_ISA_USAGE = YES_ERROR;
				CLANG_WARN_DOCUMENTATION_COMMENTS = YES;
				CLANG_WARN_EMPTY_BODY = YES;
				CLANG_WARN_ENUM_CONVERSION = YES;
				CLANG_WARN_INFINITE_RECURSION = YES;
				CLANG_WARN_INT_CONVERSION = YES;
				CLANG_WARN_OBJC_ROOT_CLASS = YES_ERROR;
				CLANG_WARN_SUSPICIOUS_MOVES = YES;
				CLANG_WARN_UNREACHABLE_CODE = YES;
				CLANG_WARN__DUPLICATE_METHOD_MATCH = YES;
				"CODE_SIGN_IDENTITY[sdk=iphoneos*]" = "iPhone Developer";
				COPY_PHASE_STRIP = NO;
				DEBUG_INFORMATION_FORMAT = "dwarf-with-dsym";
				ENABLE_NS_ASSERTIONS = NO;
				ENABLE_STRICT_OBJC_MSGSEND = YES;
				GCC_C_LANGUAGE_STANDARD = gnu99;
				GCC_NO_COMMON_BLOCKS = YES;
				GCC_WARN_64_TO_32_BIT_CONVERSION = YES;
				GCC_WARN_ABOUT_RETURN_TYPE = YES_ERROR;
				GCC_WARN_UNDECLARED_SELECTOR = YES;
				GCC_WARN_UNINITIALIZED_AUTOS = YES_AGGRESSIVE;
				GCC_WARN_UNUSED_FUNCTION = YES;
				GCC_WARN_UNUSED_VARIABLE = YES;
				IPHONEOS_DEPLOYMENT_TARGET = 10.0;
				MTL_ENABLE_DEBUG_INFO = NO;
				SDKROOT = iphoneos;
				VALIDATE_PRODUCT = YES;
			};
			name = Release;
		};
		2E0B10CA1D87812C00D29EFB /* Debug */ = {
			isa = XCBuildConfiguration;
			buildSettings = {
				ASSETCATALOG_COMPILER_APPICON_NAME = "iMessage App Icon";
				DEVELOPMENT_TEAM = FZ89A5SZ7C;
				INFOPLIST_FILE = StickerPackExtension/Info.plist;
				IPHONEOS_DEPLOYMENT_TARGET = 10.0;
				PRODUCT_BUNDLE_IDENTIFIER = tech.calstephens.Reactions.StickerPackExtension;
				PRODUCT_NAME = "$(TARGET_NAME)";
				SKIP_INSTALL = YES;
				TARGETED_DEVICE_FAMILY = "1,2";
			};
			name = Debug;
		};
		2E0B10CB1D87812C00D29EFB /* Release */ = {
			isa = XCBuildConfiguration;
			buildSettings = {
				ASSETCATALOG_COMPILER_APPICON_NAME = "iMessage App Icon";
				DEVELOPMENT_TEAM = FZ89A5SZ7C;
				INFOPLIST_FILE = StickerPackExtension/Info.plist;
				IPHONEOS_DEPLOYMENT_TARGET = 10.0;
				PRODUCT_BUNDLE_IDENTIFIER = tech.calstephens.Reactions.StickerPackExtension;
				PRODUCT_NAME = "$(TARGET_NAME)";
				SKIP_INSTALL = YES;
				TARGETED_DEVICE_FAMILY = "1,2";
			};
			name = Release;
		};
		2E0B10CE1D87812C00D29EFB /* Debug */ = {
			isa = XCBuildConfiguration;
			buildSettings = {
				ASSETCATALOG_COMPILER_APPICON_NAME = "iMessage App Icon";
				DEVELOPMENT_TEAM = FZ89A5SZ7C;
				INFOPLIST_FILE = Reactions/Info.plist;
				PRODUCT_BUNDLE_IDENTIFIER = tech.calstephens.Reactions;
				PRODUCT_NAME = "$(TARGET_NAME)";
				TARGETED_DEVICE_FAMILY = "1,2";
			};
			name = Debug;
		};
		2E0B10CF1D87812C00D29EFB /* Release */ = {
			isa = XCBuildConfiguration;
			buildSettings = {
				ASSETCATALOG_COMPILER_APPICON_NAME = "iMessage App Icon";
				DEVELOPMENT_TEAM = FZ89A5SZ7C;
				INFOPLIST_FILE = Reactions/Info.plist;
				PRODUCT_BUNDLE_IDENTIFIER = tech.calstephens.Reactions;
				PRODUCT_NAME = "$(TARGET_NAME)";
				TARGETED_DEVICE_FAMILY = "1,2";
			};
			name = Release;
		};
/* End XCBuildConfiguration section */

/* Begin XCConfigurationList section */
		2E0B10B91D87812C00D29EFB /* Build configuration list for PBXProject "Reactions" */ = {
			isa = XCConfigurationList;
			buildConfigurations = (
				2E0B10C71D87812C00D29EFB /* Debug */,
				2E0B10C81D87812C00D29EFB /* Release */,
			);
			defaultConfigurationIsVisible = 0;
			defaultConfigurationName = Release;
		};
		2E0B10C91D87812C00D29EFB /* Build configuration list for PBXNativeTarget "StickerPackExtension" */ = {
			isa = XCConfigurationList;
			buildConfigurations = (
				2E0B10CA1D87812C00D29EFB /* Debug */,
				2E0B10CB1D87812C00D29EFB /* Release */,
			);
			defaultConfigurationIsVisible = 0;
		};
		2E0B10CD1D87812C00D29EFB /* Build configuration list for PBXNativeTarget "Reactions" */ = {
			isa = XCConfigurationList;
			buildConfigurations = (
				2E0B10CE1D87812C00D29EFB /* Debug */,
				2E0B10CF1D87812C00D29EFB /* Release */,
			);
			defaultConfigurationIsVisible = 0;
		};
/* End XCConfigurationList section */
	};
	rootObject = 2E0B10B61D87812C00D29EFB /* Project object */;
}
